
Microsoft Visual Studio Solution File, Format Version 12.00
# Visual Studio 2013
VisualStudioVersion = 12.0.31101.0
MinimumVisualStudioVersion = 10.0.40219.1
Project("{FAE04EC0-301F-11D3-BF4B-00C04F79EFBC}") = "NumericSequenceCalculator", "NumericSequenceCalculator\NumericSequenceCalculator.csproj", "{D5CE10F5-EBAC-4D5C-A50E-4E0077EFDE14}"
EndProject
Project("{FAE04EC0-301F-11D3-BF4B-00C04F79EFBC}") = "NumericSequenceCalculatorTests", "NumericSequenceCalculatorTests\NumericSequenceCalculatorTests.csproj", "{22276AC8-0268-4416-81BC-6F52C3ACD169}"
EndProject
Global
	GlobalSection(SolutionConfigurationPlatforms) = preSolution
		Debug|Any CPU = Debug|Any CPU
		Release|Any CPU = Release|Any CPU
	EndGlobalSection
	GlobalSection(ProjectConfigurationPlatforms) = postSolution
		{D5CE10F5-EBAC-4D5C-A50E-4E0077EFDE14}.Debug|Any CPU.ActiveCfg = Debug|Any CPU
		{D5CE10F5-EBAC-4D5C-A50E-4E0077EFDE14}.Debug|Any CPU.Build.0 = Debug|Any CPU
		{D5CE10F5-EBAC-4D5C-A50E-4E0077EFDE14}.Release|Any CPU.ActiveCfg = Release|Any CPU
		{D5CE10F5-EBAC-4D5C-A50E-4E0077EFDE14}.Release|Any CPU.Build.0 = Release|Any CPU
		{22276AC8-0268-4416-81BC-6F52C3ACD169}.Debug|Any CPU.ActiveCfg = Debug|Any CPU
		{22276AC8-0268-4416-81BC-6F52C3ACD169}.Debug|Any CPU.Build.0 = Debug|Any CPU
		{22276AC8-0268-4416-81BC-6F52C3ACD169}.Release|Any CPU.ActiveCfg = Release|Any CPU
		{22276AC8-0268-4416-81BC-6F52C3ACD169}.Release|Any CPU.Build.0 = Release|Any CPU
	EndGlobalSection
	GlobalSection(SolutionProperties) = preSolution
		HideSolutionNode = FALSE
	EndGlobalSection
EndGlobal
